
Microsoft Visual Studio Solution File, Format Version 12.00
# Visual Studio Version 16
VisualStudioVersion = 16.0.31624.102
MinimumVisualStudioVersion = 10.0.40219.1
Project("{FAE04EC0-301F-11D3-BF4B-00C04F79EFBC}") = "WpfEntity", "WpfEntity\WpfEntity.csproj", "{3A1004D9-A210-403A-A526-2E6640327F6B}"
EndProject
Global
	GlobalSection(SolutionConfigurationPlatforms) = preSolution
		Debug|Any CPU = Debug|Any CPU
		Release|Any CPU = Release|Any CPU
	EndGlobalSection
	GlobalSection(ProjectConfigurationPlatforms) = postSolution
		{3A1004D9-A210-403A-A526-2E6640327F6B}.Debug|Any CPU.ActiveCfg = Debug|Any CPU
		{3A1004D9-A210-403A-A526-2E6640327F6B}.Debug|Any CPU.Build.0 = Debug|Any CPU
		{3A1004D9-A210-403A-A526-2E6640327F6B}.Release|Any CPU.ActiveCfg = Release|Any CPU
		{3A1004D9-A210-403A-A526-2E6640327F6B}.Release|Any CPU.Build.0 = Release|Any CPU
	EndGlobalSection
	GlobalSection(SolutionProperties) = preSolution
		HideSolutionNode = FALSE
	EndGlobalSection
	GlobalSection(ExtensibilityGlobals) = postSolution
		SolutionGuid = {3BE12B61-B35F-406A-96EC-9E249157B2D7}
	EndGlobalSection
EndGlobal
